
Microsoft Visual Studio Solution File, Format Version 12.00
# Visual Studio Version 17
VisualStudioVersion = 17.9.34701.34
MinimumVisualStudioVersion = 10.0.40219.1
Project("{FAE04EC0-301F-11D3-BF4B-00C04F79EFBC}") = "EmpirePump.Web", "EmpirePump.Web\EmpirePump.Web.csproj", "{32B04E8E-FCF0-4FD4-957B-8BE85F07A99D}"
EndProject
Global
	GlobalSection(SolutionConfigurationPlatforms) = preSolution
		Debug|Any CPU = Debug|Any CPU
		Release|Any CPU = Release|Any CPU
	EndGlobalSection
	GlobalSection(ProjectConfigurationPlatforms) = postSolution
		{32B04E8E-FCF0-4FD4-957B-8BE85F07A99D}.Debug|Any CPU.ActiveCfg = Debug|Any CPU
		{32B04E8E-FCF0-4FD4-957B-8BE85F07A99D}.Debug|Any CPU.Build.0 = Debug|Any CPU
		{32B04E8E-FCF0-4FD4-957B-8BE85F07A99D}.Release|Any CPU.ActiveCfg = Release|Any CPU
		{32B04E8E-FCF0-4FD4-957B-8BE85F07A99D}.Release|Any CPU.Build.0 = Release|Any CPU
	EndGlobalSection
	GlobalSection(SolutionProperties) = preSolution
		HideSolutionNode = FALSE
	EndGlobalSection
	GlobalSection(ExtensibilityGlobals) = postSolution
		SolutionGuid = {1CC6BC19-518B-4E01-9332-A7B0924D491B}
	EndGlobalSection
EndGlobal
